{
  "version": 4,
  "terraform_version": "1.4.6",
  "serial": 66,
  "lineage": "d9dad89f-72cd-0702-67ba-a999af7284ff",
  "outputs": {},
  "resources": [
    {
      "mode": "managed",
      "type": "aws_instance",
      "name": "app_server",
      "provider": "provider[\"registry.terraform.io/hashicorp/aws\"]",
      "instances": [
        {
          "schema_version": 1,
          "attributes": {
            "ami": "ami-04f7efe62f419d9f5",
            "arn": "arn:aws:ec2:eu-west-1:172245762539:instance/i-02fc87113f4634389",
            "associate_public_ip_address": true,
            "availability_zone": "eu-west-1a",
            "capacity_reservation_specification": [
              {
                "capacity_reservation_preference": "open",
                "capacity_reservation_target": []
              }
            ],
            "cpu_core_count": 1,
            "cpu_options": [
              {
                "amd_sev_snp": "",
                "core_count": 1,
                "threads_per_core": 1
              }
            ],
            "cpu_threads_per_core": 1,
            "credit_specification": [
              {
                "cpu_credits": "standard"
              }
            ],
            "disable_api_stop": false,
            "disable_api_termination": false,
            "ebs_block_device": [],
            "ebs_optimized": false,
            "enclave_options": [
              {
                "enabled": false
              }
            ],
            "ephemeral_block_device": [],
            "get_password_data": false,
            "hibernation": false,
            "host_id": "",
            "host_resource_group_arn": null,
            "iam_instance_profile": "",
            "id": "i-02fc87113f4634389",
            "instance_initiated_shutdown_behavior": "stop",
            "instance_state": "running",
            "instance_type": "t2.micro",
            "ipv6_address_count": 0,
            "ipv6_addresses": [],
            "key_name": "terra_key",
            "launch_template": [],
            "maintenance_options": [
              {
                "auto_recovery": "default"
              }
            ],
            "metadata_options": [
              {
                "http_endpoint": "enabled",
                "http_put_response_hop_limit": 2,
                "http_tokens": "required",
                "instance_metadata_tags": "disabled"
              }
            ],
            "monitoring": false,
            "network_interface": [],
            "outpost_arn": "",
            "password_data": "",
            "placement_group": "",
            "placement_partition_number": 0,
            "primary_network_interface_id": "eni-0ef0baabb13654d3e",
            "private_dns": "ip-172-31-17-127.eu-west-1.compute.internal",
            "private_dns_name_options": [
              {
                "enable_resource_name_dns_a_record": false,
                "enable_resource_name_dns_aaaa_record": false,
                "hostname_type": "ip-name"
              }
            ],
            "private_ip": "172.31.17.127",
            "public_dns": "ec2-3-249-194-39.eu-west-1.compute.amazonaws.com",
            "public_ip": "3.249.194.39",
            "root_block_device": [
              {
                "delete_on_termination": true,
                "device_name": "/dev/xvda",
                "encrypted": false,
                "iops": 3000,
                "kms_key_id": "",
                "tags": null,
                "throughput": 125,
                "volume_id": "vol-076d04a2641918eff",
                "volume_size": 20,
                "volume_type": "gp3"
              }
            ],
            "secondary_private_ips": [],
            "security_groups": [
              "terraform-20230528130334920900000001"
            ],
            "source_dest_check": true,
            "subnet_id": "subnet-0390cdc0b89b8241c",
            "tags": {
              "Name": "GS_instance"
            },
            "tags_all": {
              "Name": "GS_instance"
            },
            "tenancy": "default",
            "timeouts": null,
            "user_data": "e1e330505f67935bf3ef1ed0065278b02f0035f1",
            "user_data_base64": null,
            "user_data_replace_on_change": false,
            "volume_tags": null,
            "vpc_security_group_ids": [
              "sg-0bc419596f0925013"
            ]
          },
          "sensitive_attributes": [],
          "private": "eyJlMmJmYjczMC1lY2FhLTExZTYtOGY4OC0zNDM2M2JjN2M0YzAiOnsiY3JlYXRlIjo2MDAwMDAwMDAwMDAsImRlbGV0ZSI6MTIwMDAwMDAwMDAwMCwidXBkYXRlIjo2MDAwMDAwMDAwMDB9LCJzY2hlbWFfdmVyc2lvbiI6IjEifQ==",
          "dependencies": [
            "aws_key_pair.deployer",
            "aws_security_group.sg"
          ]
        }
      ]
    },
    {
      "mode": "managed",
      "type": "aws_key_pair",
      "name": "deployer",
      "provider": "provider[\"registry.terraform.io/hashicorp/aws\"]",
      "instances": [
        {
          "schema_version": 1,
          "attributes": {
            "arn": "arn:aws:ec2:eu-west-1:172245762539:key-pair/terra_key",
            "fingerprint": "14:e7:1c:7b:66:6b:82:92:d3:b2:3b:cc:9a:2d:b0:5e",
            "id": "terra_key",
            "key_name": "terra_key",
            "key_name_prefix": "",
            "key_pair_id": "key-070d8c4a58c51de79",
            "key_type": "rsa",
            "public_key": "ssh-rsa AAAAB3NzaC1yc2EAAAADAQABAAACAQDLrWogbFwN8uWhudazfWU68wm6uCIOkI8muqQCeYpSjebIUOHxw2SEPK52idP0zMIJ+MdZIH+dJjCG7yp3Q8QSNHXMoQVve09i8LJnSucs2GDs2/n2wNW+vzlnHLv8xxKnn/m+Q5C/KBIef6JlaE2/3d6H7JtkF0/PZTaFe1F5k2W2qRpb8XLY5ykuOdxcdFWHBSwjs6fQrbhYbMqA833DWdstx2fgqW9w71gNkP50BS9sKlSGRptpoJy0RAl2qNBCmjN1z41G33Hmz91LZshzllCOYB3znf/iXzGyXgdAcgVE/eK3Dwp2F/LyWImiUpoara0ORECshTNMOx39TNdRRwyndYMtUCGqAJBTIggkyvCdzdkdrh0zLdwHgqGHog6U615m7TE4TAO+TQhY3EnHyR6/+0DyidOoG9wl3QUH94saSMrbL8LI0emzfXpXC/nguExbGnaFPfep0E9T4fNNJf6n6O7qlc+vRwste2mkAdbL9CE45XT/+U/Q0MvQZuRCju4clrMT1Sb58tEw8qmhGc9bEVYVwqV/V5gUMLhc4y7ovtdlbFfQ5ejsisv5I5Xlpji/qOTC0r8mOsR8rpIxJZ9r4lwiNmNo0j5IFnKV/KJ7Xa32S1aUOQekCIuXzEcG766ETvzIOyBW5xANRZFO4v53Od1GQFzvuwrMhaiYHQ== savin@DESKTOP-AVKA42D",
            "tags": null,
            "tags_all": {}
          },
          "sensitive_attributes": [],
          "private": "eyJzY2hlbWFfdmVyc2lvbiI6IjEifQ=="
        }
      ]
    },
    {
      "mode": "managed",
      "type": "aws_security_group",
      "name": "sg",
      "provider": "provider[\"registry.terraform.io/hashicorp/aws\"]",
      "instances": [
        {
          "schema_version": 1,
          "attributes": {
            "arn": "arn:aws:ec2:eu-west-1:172245762539:security-group/sg-0bc419596f0925013",
            "description": "test sg for terraform",
            "egress": [
              {
                "cidr_blocks": [
                  "0.0.0.0/0"
                ],
                "description": "",
                "from_port": 0,
                "ipv6_cidr_blocks": [
                  "::/0"
                ],
                "prefix_list_ids": [],
                "protocol": "-1",
                "security_groups": [],
                "self": false,
                "to_port": 0
              }
            ],
            "id": "sg-0bc419596f0925013",
            "ingress": [
              {
                "cidr_blocks": [
                  "0.0.0.0/0"
                ],
                "description": "InfluxDB",
                "from_port": 8086,
                "ipv6_cidr_blocks": [],
                "prefix_list_ids": [],
                "protocol": "tcp",
                "security_groups": [],
                "self": false,
                "to_port": 8086
              },
              {
                "cidr_blocks": [
                  "0.0.0.0/0"
                ],
                "description": "Office Wifi CIDR Range",
                "from_port": 22,
                "ipv6_cidr_blocks": [],
                "prefix_list_ids": [],
                "protocol": "tcp",
                "security_groups": [],
                "self": false,
                "to_port": 22
              },
              {
                "cidr_blocks": [
                  "0.0.0.0/0"
                ],
                "description": "Web services",
                "from_port": 80,
                "ipv6_cidr_blocks": [],
                "prefix_list_ids": [],
                "protocol": "tcp",
                "security_groups": [],
                "self": false,
                "to_port": 80
              }
            ],
            "name": "terraform-20230528130334920900000001",
            "name_prefix": "terraform-",
            "owner_id": "172245762539",
            "revoke_rules_on_delete": false,
            "tags": null,
            "tags_all": {},
            "timeouts": null,
            "vpc_id": "vpc-0282dfd7758da30e5"
          },
          "sensitive_attributes": [],
          "private": "eyJlMmJmYjczMC1lY2FhLTExZTYtOGY4OC0zNDM2M2JjN2M0YzAiOnsiY3JlYXRlIjo2MDAwMDAwMDAwMDAsImRlbGV0ZSI6OTAwMDAwMDAwMDAwfSwic2NoZW1hX3ZlcnNpb24iOiIxIn0="
        }
      ]
    }
  ],
  "check_results": null
}
